
Microsoft Visual Studio Solution File, Format Version 12.00
# Visual Studio Version 17
VisualStudioVersion = 17.1.32210.238
MinimumVisualStudioVersion = 10.0.40219.1
Project("{FAE04EC0-301F-11D3-BF4B-00C04F79EFBC}") = "ArmyEditor", "ArmyEditor\ArmyEditor.csproj", "{C79002CA-CDDD-4EE2-8022-97BC22F8E6B1}"
EndProject
Global
	GlobalSection(SolutionConfigurationPlatforms) = preSolution
		Debug|Any CPU = Debug|Any CPU
		Release|Any CPU = Release|Any CPU
	EndGlobalSection
	GlobalSection(ProjectConfigurationPlatforms) = postSolution
		{C79002CA-CDDD-4EE2-8022-97BC22F8E6B1}.Debug|Any CPU.ActiveCfg = Debug|Any CPU
		{C79002CA-CDDD-4EE2-8022-97BC22F8E6B1}.Debug|Any CPU.Build.0 = Debug|Any CPU
		{C79002CA-CDDD-4EE2-8022-97BC22F8E6B1}.Release|Any CPU.ActiveCfg = Release|Any CPU
		{C79002CA-CDDD-4EE2-8022-97BC22F8E6B1}.Release|Any CPU.Build.0 = Release|Any CPU
	EndGlobalSection
	GlobalSection(SolutionProperties) = preSolution
		HideSolutionNode = FALSE
	EndGlobalSection
	GlobalSection(ExtensibilityGlobals) = postSolution
		SolutionGuid = {2B4D4C6C-D3ED-4F80-9447-273B3AA1006F}
	EndGlobalSection
EndGlobal
